
Microsoft Visual Studio Solution File, Format Version 12.00
# Visual Studio Version 16
VisualStudioVersion = 16.0.31911.196
MinimumVisualStudioVersion = 10.0.40219.1
Project("{FAE04EC0-301F-11D3-BF4B-00C04F79EFBC}") = "Punto 6", "ConsoleApp1\Punto 6.csproj", "{7860BDB3-F9D3-4DAB-9D0B-B6CEDDF64314}"
EndProject
Global
	GlobalSection(SolutionConfigurationPlatforms) = preSolution
		Debug|Any CPU = Debug|Any CPU
		Release|Any CPU = Release|Any CPU
	EndGlobalSection
	GlobalSection(ProjectConfigurationPlatforms) = postSolution
		{7860BDB3-F9D3-4DAB-9D0B-B6CEDDF64314}.Debug|Any CPU.ActiveCfg = Debug|Any CPU
		{7860BDB3-F9D3-4DAB-9D0B-B6CEDDF64314}.Debug|Any CPU.Build.0 = Debug|Any CPU
		{7860BDB3-F9D3-4DAB-9D0B-B6CEDDF64314}.Release|Any CPU.ActiveCfg = Release|Any CPU
		{7860BDB3-F9D3-4DAB-9D0B-B6CEDDF64314}.Release|Any CPU.Build.0 = Release|Any CPU
	EndGlobalSection
	GlobalSection(SolutionProperties) = preSolution
		HideSolutionNode = FALSE
	EndGlobalSection
	GlobalSection(ExtensibilityGlobals) = postSolution
		SolutionGuid = {2E7E2192-7D61-45F6-8069-3CE51A0D982E}
	EndGlobalSection
EndGlobal
